version: 1
checksums:
  55dc377b5e931bfc64e4add83e35d9ea:
    calendar: f113fede755b1502d0a17ad5068ba005
    oneCalendar: 28e26dbb64cd0af58b30e0c9a0be0286
    loadingCalendar: a47f1c89c970f706751bc86b8f2165af
    createEvent: 1fe5822ac024f997b1fec9be1cecf1d2
    myCalendars: c1b842e5d9e0eb0d4770394ed4601de6
    addNewCalendar: 04084358dc4c5e1ca704e5ef20a217a0
    day: 47648cd60fc313bc3f05b70357a1d675
    week: 436fdd694160827dd6ea4644cdd0a8f8
    fourDay: 29132e6b3311d11143ea8cf9fbffef2a
    month: ae7bef950efc406ff0980affabc1a64c
    analytics: ec67586974cc78f25959d47bb36683a7
    searchEvents: 4f871c68be67275dbfb5df2c3c206d9c
    title: 344e64395eaff6822a57d18623853e1a
    startTime: e22b28c74e6ff0cf9e54efb1b893701d
    endTime: 5814ffd979ce9c765c3ea110e79ce295
    endTimeError: b45e124cd8dd95846fb12ddb1274c74a
    allDay: ac141e84c966e9a5aa2634a1903c525d
    location: 036cbdfe32bbe9ad67b5d06ef6a02a16
    participants: bc8c96aca7b35978142c09c98ef12869
    participantsPlaceholder: d45b818e7e25428c839e6bc451b00005
    description: e17686a22ffad04cc7bb70524ed4478b
    color: 9d53d1d120e8b8954bcae9a322573748
    notification: cab02d8b15fe4f2e8a47e35f3bd12f10
    save: f7a2929f33bc420195e59ac5a8bcd454
    cancel: 2e2a849c2223911717de8caa2c71bade
    delete: 8bcf303dd10a645b5baacb02b47d72c9
    update: 079fc039262fd31b10532929685c2d1b
    minutesBefore: 36cb0580e7aa5bebff2d30b630d83d4e
    hourBefore: 9d5073501e63af702ea470c4280239a5
    sunday: d21934fb36dd8a82e36352968207d44e
    monday: b4b1c8396e445e8b7956c747da2cf601
    tuesday: 5667db9a55f400c374b8a39724e85a97
    wednesday: 61f1e0b70e7ce89cd5e0c067aa78f4ff
    thursday: 01e20fb9f69123568120f93299f66436
    friday: 320c91ba40b99148d9eabd578b89ddc6
    saturday: 77b65adf8ae2b69eaed51b6104ded65e
    settings: 8df6777277469c1fd88cc18dde2f1cc3
    language: 277fd1a41cc237a437cd1d5e4a80463b
    firstDayOfWeek: c91aeed5bd4aa2435974cc8d5c66688b
    timezone: 370780b854bdbef55320f977a4fb9ddb
    selectCalendar: 9bcc8c633d5971262e1fc1e9eb803280
    selectColor: 750cc55b9ef6db24629703f8e3126da9
    selectNotification: 3405815a2e2befdc69927b2ffafaa4a2
    atEventTime: 3bc08df2f219f5f7970606320e0b9f03
    customTime: 1031938312c001d19ab8ca37d3e179d3
    customTimeMinutes: e482a4ab84fe4d0266822ec86b7e1859
    eventAt: 2af01edb6e61f07695f3391e7cbe3066
    view: 36a9b5e3dc153c036d320460d72a03c3
    notificationSound: 56266eaec09904f7419143d0fae62654
    telegramSound: 0719cb55ded3146892d106733a8431b2
    telegramSfxSound: a55e509f3cc5b319df558ec20419905b
    today: 142173f9752e18e92109623a3ee68cad
    timeAnalytics: 5662ac4ed49760ac5d8df6b271eeb610
    timeAnalyticsDesc: 8caa4e67dfe3fe61860a7ebf95a70934
    timeDistribution: 4a42be1593c4f56a0aa9a264ee18e2ce
    categoryTime: 46875a53d6f07c9a32001d116a8c4ec4
    totalEvents: eeabfc3195241cc03a37263e85442a73
    mostProductiveDay: 847571cc934b4942278978e729b16121
    mostProductiveHour: 5e6427485d863bd2e1b4b5d23958fc8f
    totalHours: 11810f730cae5d05e34f7a4663b859cd
    averageEventDuration: 33fca66f62085a8e6d2250d80a2fb9ff
    busiestCategory: 6929f94a651a49292714517b5a795674
    activeDays: d583aaa081f26fcb60ed258f4cbc68c9
    noData: 81e91b979968615c55f9c0701fa9bbe3
    year: ed86f5f60583f9d8ffdbeed306aa0ec7
    thisWeek: 758940d8731075a26bbed941d64712dd
    thisMonth: 374d33583fae2a69b56e100562c7b973
    thisYear: 67ee6a91d2bdbbdcb4a584fb402559e3
    createCategories: 7836a34a25510f2f78501a7c130f6d6e
    categoryName: af03e079cbe712ce34f241627e6bfe7e
    keywords: a81560adee26cf70aeeb3f3563518aaf
    addKeyword: 122d50266a15e58984354909fc6a68a4
    addCategory: ed4b7efb98e339af9604552d9f4f475c
    existingCategories: 6fc58a784d8f3b7b427603ced194f57d
    importExport: 260c001ae41b58a975fa95aa686d9b3c
    importCalendar: 0ee722cdaeaae4430775bf6ebe7095bf
    exportCalendar: b6510dacbf5b6cb8dd342c5f9c389464
    fileImport: 493d71e2350084ff5684cd90959a199f
    urlImport: 5eb25f5ebe932690b3b1ffb30bd2ee25
    selectCalendarFile: 2da0f4aac2dc7c250f3602a97398d51c
    calendarUrl: 7bb11023fbf0a2f9f60597141c789876
    supportedFormats: 03e214a4397f6a7909308141f6fc8c00
    enterUrl: 0035f1f0eefcd0239d5d2536e9aa5f80
    debugMode: e584d8e238e53190643ff67853a1efe9
    debugInfo: 589d131e445bc8565ecb297ecd7c59e0
    importing: 10334c8b895fcab96c9e141ffa548e28
    import: 348b8ab981de5b7f1fca6d7302263bbd
    exportFormat: f822856f75f74f4b72719b963bd70b9d
    dateRange: 9b3aa5954144de586931f60ef9594e99
    allEvents: e7fa2128e236dd8714c13cdff4fe1cca
    futureEvents: 706484e326543b936df9fd822e4b08b2
    pastEvents: 5e68329a40481a1ac366554bff488c98
    last30Days: 6582f7cda864ada56cb7071c335236fc
    last90Days: bddd61089ec5500d349e3b24b59fdaf2
    includeCompleted: 3aa2b4d836f61c9a3ba539f0e0e56288
    exporting: 7538a6b9286a7d84b3cdcb48f712c8f9
    export: 709afbc86c5fdca279a111ea8e49d1c9
    importSuccess: 63e37b0720c3b627e81f139ad8b405cf
    exportSuccess: a811603a0fdacd9322dfd1a13e9035e8
    importWarning: 85ad20b52841c3bb507906a56f4745e3
    importError: 14235d861860cb087c688929d6dda0a2
    exportError: 4a7b92dc21cc97ecfefa511a05c0167e
    usePasswordEncryption: 48e2160ab22b0a8b9420191f6a2c6b7d
    thisJsonEncrypted: 73676f41d741a60a4e0f6b779995b4e9
    encryptedJsonNeedToggle: 79ebef20a72c23551b2d34e878cc16c8
    invalidEncryptedJson: 8c915b9b1c4e2d868647307be40d2990
    googleCalendarGuide: 388e218a87d707e22268b2d371c3d057
    googleCalendarGuideText: f3d86e53421973493e7c0c9767a30485
    iCalendarFormat: 8d4297c37e42983b6e8aa90a805be8fd
    backupData: 2eaccfb932c6cb3a1f2f286d482e4891
    crossPlatformSync: 6a9de1cae547baedc4439da65cf2f5f2
    iCalendarFormatDesc: 993f26240fd792e434e131c294230e4f
    backupDataDesc: 8e39477499a6b625e30da23110bfd23e
    crossPlatformSyncDesc: a39f4dbb3e1dad0f83ff966e986a65d7
    importExportTips: 6d581f916eb28365100430aee84363c5
    tip1: 43012e95a8c9e26365cc4d65b0394a56
    tip2: 2affb92342a14f6c27ad4976d009aca2
    tip3: 5b1261b593e5757784ba90e77cf291f9
    tip4: c2fb61d89cdb92b6033b4765967243c9
    tip5: 51f50f6d3097b6c2801627db0f1bc6a0
    dateAndTime: 279c75367ba1bd3b762002ce3e1d5d34
    copy: 627c00d2c850b9b45f7341a6ac01b6bb
    eventDuplicated: b27d7d49619f1b4a14b485b494723ea5
    welcomeToOneCalendar: 1fa2113894a452cec43988894b068cd3
    powerfulCalendarApp: 37145afb27f71ec21f52b914b8f6c7c2
    basicFeatures: 7ed2684fee8065f0cb046c3cb9ad3643
    importExportFeatures: 260c001ae41b58a975fa95aa686d9b3c
    createEventGuide: 1fe5822ac024f997b1fec9be1cecf1d2
    createEventDesc: 1f5070d18d516c8914caedab484a68b9
    switchViewGuide: 2f8c279470e14c54be08af60270b3f2f
    switchViewDesc: 3fb4e64a0fa4dc5b05158a6317d09e42
    manageCalendarCategoriesGuide: b4acaee3c45883afac038739090cb9fb
    manageCalendarCategoriesDesc: 3fcbfc1eed4daec54af34a0e6e5a6240
    setReminderGuide: f7b84232a36a77070a4a30be0ea315eb
    setReminderDesc: cb19476b0aa70f8a0e60b7a743812776
    importExportGuide: 33f26fc988b3b566cf47a3bdceb92c9d
    importExportDesc: 22fb89cb58ac0175b9da9e5ee2b3064f
    mainFeatures: e1f6cf6d44eb388d84618ef20a457476
    importExportFeaturesList1: b5f89d5a5d6b15e9d5dee1f8c37065b5
    importExportFeaturesList2: f32db4eec2b6a87aab328c5de3348a9f
    importExportFeaturesList3: 51134a48a547c93910b465e05c2b2a89
    getStarted: 1d5f030c4ec9c869e647ae060518b948
    nextStep: 89ddbcf710eba274963494f312bdc8a9
    previousStep: 25c58dd62f190368a3d2c4c97b385ea9
    startUsing: 7e5ee07efdbee523e824cbd7e8c8fe68
    hours: abd5b935394c7064aac85b2b3bf503e9
    events: 5376b6d2dd7fd95f3405001781e7944f
    uncategorized: 6db4303a319dd0dc118c7f0878f1b81f
    loading: 82b4ea7ed1439094d7c4be13aaba9a66
    welcomeToAnalytics: 5906623166b47b3c2145bd9c97fc318c
    analyticsDescription: 3e0188e438355bee283c4500d37e90bb
    unnamedEvent: a5933660b0b8f9c8a9370dfc24032d8b
    enableShortcuts: 7b19d9c6cfbdcd1a22fb1e2fe2eb3948
    availableShortcuts: ae795dd609d7cdf0feade5c731c2bb81
    defaultView: b74a969aee782d8b89d09253a7ee66c6
    newEvent: 8a24c2c837f9a059cb58860a7898b2d0
    dayView: d6aacaeb1e944ef4651bb11bb702956f
    weekView: 30f914aa19aa1b49aa58aeafbfdf8a62
    monthView: e60891f3357f7bb1ec32642279bb11b5
    yearView: ef3a9bdb37450594a884216606850afd
    fourDayView: 71c4f25373cf9cecffab55692ebd9fa7
    nextPeriod: e037c0e881d76622d58f0bcd813325ec
    previousPeriod: 06bb47d02926d45a8d574b5bb8eeab34
    userProfile: bee775ff7216747b2111e93cefa57ddc
    restoreData: 0f2a3b9a12da757a45f0247278ffd820
    backupDescription: d32fdd6f4b11b1353dd7dd5117c7165c
    restoreDescription: 22302f74ad2d26421d924cc37c56eb51
    password: 223a61cf906ab9c40d22612c588dff48
    confirmPassword: 140bae95eb2040668118c6244c4a4825
    enterPassword: a6d9d130ba9c3218e4e9558b633a5c73
    confirmYourPassword: 224b4aa56991875af1df9d3b102de647
    passwordRequirements: 54cae8e1a4928bfb910e06443639feb4
    passwordRequirementsHint: 54cae8e1a4928bfb910e06443639feb4
    passwordsDoNotMatch: 37ca1f4e0afc9a0b8e9617f767103c92
    passwordRequired: 19ff103c40080105aaaee40e2689e257
    backupSuccessful: d44b712830733ecdd438391c9dff5fd2
    dataBackedUpSuccessfully: 32efb45ffedadadf9fc33040cd804245
    backupFailed: 6a66e5a871d627f0332d9e61a64b96b5
    restoreSuccessful: 12db84811315043707b9e5bfc1a42b9d
    dataRestoredSuccessfully: f9c055c6e925e0bf706b5f591c0d34fc
    restoreFailed: 4b6002fa4bf665311f7106b433f20ec0
    backupNotFound: aa29c1be4d9abfa1bdd77a5c0e688cd2
    unknownError: 4fa139b42a7b7ed262b07bdda7cd2fb6
    backup: 347a6ced8293c55ed9945d1e0597958f
    restore: 91b4fad20d5f2d8e17cb62999942d2b7
    processing: 4d21e725093ba79328dcedc0f092ab3f
    enterBackupPassword: f494836784121cfa1002a01b20543ade
    restoreWarning: 7a4674f154a78804cf4c217f60376f25
    replaceExistingData: c376c8067b03e92dcc28836b2c296980
    mergeData: 337390dc016778e25e018b76af1329eb
    autoBackupTitle: fc8275b6a49fd240b30bcf6c31216126
    autoBackupDescription: 629735f50353d60ecb8f2973b777e552
    enableAutoBackup: 31c1e9a530df7ebd003e3978c04de288
    autoBackupEnabled: e6e88d213e7b9ef7be5faed2ec86a552
    autoBackupDisabled: 3fd17f8644494cd8bce2abfd692f29d7
    logout: 07948fdf20705e04a7bf68ab197512bf
    share: ab625547ab428626747e57f01d8abb06
    shareEvent: 9849f69657115fad8d709355848b53d5
    nickname: e15cefebe5e78fba87e455bf246cee89
    enterNickname: bd560de85cd174d56799a217441a16c3
    shareLink: 55380c863d2b268ce9a234fffbafac59
    copyLink: 57a37acfe6d7ed71d00fbbc8079fbb35
    linkCopied: db71229faeca1d479c346c40030f4061
    manageShares: 131dd3d582e9512df35730c19b2b16e2
    deleteShare: 65c205a996db068f22f9acd01a1113f4
    sharedBy: 11e3fa9ff62026f5bdd64dd6ef44528e
    noShares: 8458e2a4703ef196e62f205d8bb3f607
    shareDeleted: ac68183f6e22147e398d1acf3cbd1b51
    bookmarks: 1d2d5ebbbed754e8137ad728c4a51787
    bookmarked: ce6d687fdcb75c14dca5f19fe26f6adc
    bookmark: 2950c3e5dbe50dda643d95686a06730d
    unbookmark: b84db5e2e4afe18ab5f2770aaf1a1345
    bookmarkAdded: eabf9ddce62669e4bb7e75445ca8aa07
    bookmarkRemoved: f0cd6a16d154e8b7c2b93562a457a52d
    noBookmarks: dffbe574c1a1bee7edacd37ceaf56b68
    searchBookmarks: 8d159c44e667bd0cb28175c349afead3
    noMatchingBookmarks: 5ec2f7ed5746f8c660c63559b47c1e7f
    manageBookmarks: 3ec7e25baea438447ff814692969f4fe
    eventRemovedFromBookmarks: 8024d54557f7a72d59c9549b28ef9ec7
    tip: 903bd558c3c43f3b2453afb9ab6dcc1d
    dontShowAgain: c8bb3b2ec62654e1f9eeadfb17f9702c
    qrCode: 98e0d8ee1f4ce1599a08de315984b545
    downloadQRCode: e71db8919d189038fb8f3ff91f175052
    qrCodeDownloaded: 82c30bf0e7850f5ad764c575ec6de2a5
    savedToDevice: 8904e2270958d3962ffc8a301e8e7403
    scanQRCodeToView: 39660b5902ec541d4dc5f1f526a8af32
    theme: 21fe00b7a518089576fb83c08631107a
    themeLight: bb78ea2c6edd8662676c81a8a13ecb93
    themeDark: 73e6e208ba628b26e90fcf6dce15e1b2
    themeSystem: 803281c327a02a2feba182f4a2b38311
    themeColorOnlyApp: d6788a9ac136de858b3cf18e202219b9
    themeGreen: 482ff383a4258357ba404f283682471d
    themeOrange: 836094fa3fcf7488957f6d7cba7c1f60
    themeAzalea: 153f51c5c40e08759cb88c996d516845
    languageEnglish: e1eeeb379f86a015d6e581fcbc4af7f3
    languageChinese: ebbe0f0da700961b5687182201cd7429
    noEventsToday: 944cdd8a4ca81e2acd7f166b154bc473
    minutesShort: 4bb0271b1aa8ba29083bec371729f331
    countdownTitle: 30ecba8d16d1fad1c7455c0b0cecb38c
    countdownAdd: bc81f535e4641f7a93d1474dab6ac38e
    countdownName: e9ee5be0bc00804cc48c982d2ad1f849
    countdownDate: 56f41c5d30a76295bb087b20b7bee4c3
    countdownRepeat: 276fb78c3c42a2eb30d20743fced859b
    countdownDescription: e17686a22ffad04cc7bb70524ed4478b
    countdownColor: 9d53d1d120e8b8954bcae9a322573748
    countdownRepeatNone: d163ad01ba50118a86047c8b73fbe922
    countdownRepeatWeekly: 9e687411dbf1248496a4ae5dd5391679
    countdownRepeatMonthly: 818f1192e32bb855597f930d3e78806e
    countdownRepeatYearly: 87f43e016c19cb25860f456549a2f431
    countdownSave: f7a2929f33bc420195e59ac5a8bcd454
    countdownEdit: eee7f39ff90b18852afc1671f21fbaa9
    countdownDelete: 8bcf303dd10a645b5baacb02b47d72c9
    countdownCancel: 2e2a849c2223911717de8caa2c71bade
    countdownDaysLeft: 1ae28c53aca44886b88d4981dc5d65b6
    countdownNoEvents: 02eb8664d40259a4c62bb5657f3c7d01
    countdownSearchPlaceholder: ecaa80bc7d96fb977ee8c8a21a231473
    countdownDetails: 37d5c6e255373f68c866c093016fc514
    countdownEditTitle: fac1aff29a0286c3cfe8ce43aac4f290
    countdownAddTitle: bc81f535e4641f7a93d1474dab6ac38e
    countdownSelectDate: 23c399684f8cbb79d6bbd02f4a00f81d
    colorRed: bace0083b78cdb188523bc4abc7b55c6
    colorBlue: a5cf034b2d370a976119335cd99f4217
    colorGreen: 482ff383a4258357ba404f283682471d
    colorYellow: 15d533755d35af887dfa584975549fda
    colorPurple: 547ba93b6f68317e2dfbafb16cabc30f
    colorPink: d6c91bab1871309e1f3f304db218a2f9
    colorIndigo: 7c708929e5d550af32f872d5b3108870
    colorOrange: 836094fa3fcf7488957f6d7cba7c1f60
    eventsCalendar: 07198d96bbe756d25c1e99880664ffa6
    selectYear: d42598d032ef81c9cd819069cf7fe40c
    noEventsFound: 170665ceb28e9ca4309a21627c740359
    less: 6e720260fb56a7bec3f3def49e531c1f
    more: ee5e035ee328a8947be2ea44e338a57d
    weekdays/0: 3b32ac0f13383ecdf580b4db09773fda
    weekdays/1: b29e2b72f74643194654961775178fec
    weekdays/2: b750502bab403473852a20cea73dcf2c
    weekdays/3: 4786ce2a2427ad9183ef1a6f7385fb24
    weekdays/4: ce25e3f9bfc6cfdc6017f791045da079
    weekdays/5: 4029492def3bd66fa5a9d1c693743b62
    weekdays/6: 0f0718f17b758ea9d5167c120c230be6
    months/0: 268e5f1e700c23c50b88e8c6aa754c88
    months/1: c111dae80531454da886782893e71541
    months/2: 3055ece906ba97d9b5050b4385d873a9
    months/3: 7a76ba706f71adc981bc050190ccc63f
    months/4: 320223c5afaaf28560a3a84d3527d51c
    months/5: 47f51f7cecc9bd30eef853748a40f2e7
    months/6: 5088467e6b771d6f02e1d4ea3550dd96
    months/7: 160006d60703204ab06369352f5f2520
    months/8: 91cac5f11e31c9907ea26a79fe5df889
    months/9: 384ae5bd38358c3f8db4560d59405c70
    months/10: a87c80252a5b03a82a0d16c510b5ed12
    months/11: 2a7ffd15bea3a6fdb664dff36b0e8043
    moreEvents: 7bc8daaf5c578de8d850b423f2eb0616
    moreEventsPlural: f55595ab41ac7c02aca871d1a35ebf97
    noContent: cff9ad9bc4e4cb77cb168aa553cf13d5
    incorrectPassword: 4ddbf88e64fc92708f2c12725b7dad3c
    dataRestoredAutoBackupEnabled: dc608bc738be885edfb7f466f43bb8ce
    incorrectOldPassword: cd2e4839184a42de884fe7367466a20b
    encryptionKeyUpdated: 28a7d35f43cb0a55feb65424c649288b
    cloudDataDeleted: 160d4be34f548d66376403565b93c4e0
    profile: d7878693f91303a438852d617f6d35df
    autoBackup: 1e59acf0cb6ee5439461a78138e7a902
    changeKey: dd954e5b317fde6d9b7a60db98634481
    deleteData: 203cf3a36509fd804a53a90bf8d6de58
    signOut: 06efb815f8e1f5d09e63d262ba48b4e7
    signIn: ec7b8f314fe9bc6591006707484ede61
    signUp: 0dd2ae69be4618c1f9e615774a4509ca
    autoBackupStatusEnabled: 20236664b7e62df0e767921b4450205f
    autoBackupStatusDisabled: 0889a3dfd914a7ef638611796b17bf72
    disable: 81b754fd7962e0bd9b6ba87f3972e7fc
    enable: 463972a7a95f50f3105d09b92508f2cd
    setEncryptionPassword: f88ba0c33587ae09c376a142735e2225
    setEncryptionPasswordDescription: 16276e7b7a56498b2d1ae0f940045b71
    confirm: 90930b51154032f119fa75c1bd422d8b
    enterPasswordTitle: 1a6b1da3fd19b01e3f007c9da1028f99
    enterPasswordDescription: 2c8aee83b826dd476450926890787b4e
    changeEncryptionKey: 789ae283fd9524b0d43a549b57f1e2ed
    oldPassword: cf4f377146392d355b80f189361b79b5
    newPassword: 80d809edd5d1b66123b18faaac10537b
    confirmNewPassword: d3194bdcb74c9a912c67d7e1b030b88a
    confirmChange: b43520c8d05c6b06c15941015e89f184
    welcomeBackTitle: f39fbefabf2eaa5e49d961b2ab08a849
    welcomeBackDescription: 580d21fb576409cb0b9d3d0c194ed2f8
    deleteConfirmationTitle: d329d69f544c42a1f03a2bdd6731b4a4
    deleteConfirmationDescription: 1814e342fbf3a27400955c1743796045
    categoryDeleted: f81fdf7c1316ec54d611645460bb2bf0
    categoryDeletedDescription: 13f3a01a6e2c3ae533b6fea28c8cdee4
    noMatchingEvents: f6e263b6f171efdaa70242368fb74634
    edit: eee7f39ff90b18852afc1671f21fbaa9
    dragToNewPosition: e3aa5f69de48917fb43148280b01959c
    categoryAdded: 829df6b8bb84864de4c22fec5efd7fd2
    categoryAddedDesc: 28849256859dc56b1871622d64023dc7
    category: 8d8dd54cde3c768250c343e422fb0e1a
    untitledInParentheses: 058747fe6a8d978b441fe231ab9e077d
    timeFormat: 16f004fff91ab3a04a4a12fd9d4f0353
    timeFormat24h: c0cdaaa545a18a8367f80418abe2cb82
    timeFormat12h: 0e98419c65c84a412f6fce38c797ee9b
    languageChineseSimplified: 56d7ebc7e245c2150d34cd2908dec619
    languageChineseHongKong: 53e7bd1b07fce2ad5681c1f0e23e299a
    languageChineseTaiwan: cabb08877e6a6a652fb5f19e5d9f07e7
    buildInfoTitle: ec166d858babe51f70fde5d476caba9f
    buildInfoVersion: 501b826ddd956aae42ef8e3f6865e4a6
    buildInfoCommit: ee4c479853fec8884752b54fb61f77eb
    buildInfoDeployment: f06ca3aef83b92e4b09a8e59592ad534
    buildInfoDeployedAgo: 4db9f052f3aab75b9bcfebd49a45f766
    buildInfoUnknown: 5cd12b882fe90320f93130c1b50e2e32
    buildInfoMinutes: 1198ce09f54542a89fbafbf64ef13b93
    buildInfoHours: abd5b935394c7064aac85b2b3bf503e9
    buildInfoDays: c95fe8aedde21a0b5653dbd0b3c58b48
    eventCreated: e886a347191a5450c8330bb8abad7ad0
    eventUpdated: 79a96e8fee4aec1f2511a1fe6bd161e7
    eventDeleted: cd0ad0ad42fd9e83e87b8ff5f5f845c9
    deletionUndone: fcfab0718f1ba7e963f56eec2d93c093
    undo: 6fa10b811e2894dcdd73718f66c1b481
    deleteEventConfirmTitle: 790c7f041885a04699482750d6044d16
    deleteEventConfirmDescription: b5dd4edab774b5fe36dc843efc09a7fc
    timeFormat12hWithMeridiem: 0e98419c65c84a412f6fce38c797ee9b
    account: 01215c12fb1cdb93bd0c84c1382bef56
    passwordOptionalForEncryption: daccd287afd77eb129384b1f7bc95bcf
    profileUpdated: 4a55423a795e43ff4bd1a8b3956de4b9
    profileUpdateFailed: 82ec543ef4929f066f6727f343122ca9
    avatarUpdated: 7b6cf63ead0c55eff2b5466b2ab6a3dd
    avatarUpdateFailed: 6d95c63edac10a4404510a243954e4c4
    emailAddedCheckInbox: 4ff79884993e7cc2515cd62f4c87eae3
    addEmailFailed: 5f171dce4c76227549235350ca6fb421
    primaryEmailUpdated: 18db3c35ee4cc464003354061c694dd4
    primaryEmailUpdateFailed: d8ce1b37989feaac0f82e2ee3e5914bd
    oauthDisconnected: f95761e50cd768e2a95fc420a0010ddf
    disconnectFailed: f3588931e9dd1b6013e28b3b3a1dfe82
    accountDeleted: a25da96a1579c4491be0a95669ef18a4
    deleteAccountFailed: f2dc3872ea00ac48a3c64ab85e2ebeda
    deleteAccount: a9d11113f1a1d7e20582bdcc9633bcef
    basicInfo: b3171de0df46b7a749df2e6d8ac81885
    editProfileDescription: 850528725eb39bac63b4ce7299269027
    openBasicInfo: 214280f54229ea9b666c27b1a9a91a8b
    emailManagement: 2e7857a7d9131942bb53b86c78b69b24
    manageEmailAddressesDescription: c901b22831a8c66a3fcffb0893b891f4
    openEmailSettings: 9be2d2ad39ddb501df1994fdaf81f58f
    manageOauthDescription: ffba6855cc91238a8d0ac15a412e9457
    openOauthSettings: df4b9be4a329956cce8d78e490970b20
    autoBackupHelp: 499a8e377c54ef150a63106f332c8bb5
    openBackupSettings: ef856f39b8daaa4fe3ff99699fa8539d
    rotateKeyHelp: 7f99e13d7c5a7778fd076d7d8ff15916
    changeEncryptionKeyAction: 9fea42914f9ae252a3d3a7891579b355
    signOutHelp: 5bf7570c24eab3556f329de15e79b623
    deleteAccountDataHelp: 7c18d4cb97f9cac23bd1ba9def2f1f29
    deleteAccountPermanentHelp: 016b0d438335d1c3b734ae8e012f0123
    manageProfileDescription: 73dc577b87bc6082c19cb904331a900d
    avatar: cdf6b849d70e5737be62a71711799033
    uploading: baef62e2015a34d6747ed6e4192a27b1
    changeAvatar: c738899898b882ec3b8fca55219b1797
    firstName: 9a22c348ecef9bbdb8934eb2e6fb873c
    lastName: b6485b5d256edb09ef2a8cade41120d2
    saving: 7cb2d8f012d57db8a62187b65ef164dc
    saveProfile: 6f6991fe8a52bb655eefcb20cba1a88e
    emails: 230344f713c89383f51389be1e0d3f0d
    verified: 9566bd61c1f754dd5082eea5101f15a8
    unverified: ca242b6ba48f73cfed7babd2a9f35895
    primary: f5fb269c8406736788b7785a0c68e500
    setPrimary: 23b6ff9b8393dd062b66dc5dc577f621
    addEmailAddressPlaceholder: 81e0268d95d4e0f1ac1a803df2e36866
    add: 87c4a663507f2bcbbf79934af8164e13
    noConnectedOauthAccounts: bc5742f658f83f70ff9c01c058b45db9
    disconnect: 8cd3daae20ec3d3bf09b25881caa2b8f
    refreshConnections: 60796f63492f6c6fd8054f3ca45c73c6
    deleteAccountConfirmDescription: 3650219a8ce6a9d3fe36ba915d258c8d
    deleting: 683cd814a3fc94e50b3e4e4a9c90c19c
    confirmDeleteAccount: 39e2ceee88c1992f7792ed929641abf6
    verifying: 421ed451e3e4b14dc2dcf25956fca011
    dangerZone: ab5417cabdfa70b0a7c9d407ec69b450
    shareManagementTitle: 9b4aaabb93ed68f088795ef51899d17d
    shareManagementDescription: 631055c5146bc6ad2aaed503d76355b7
    shareManagementLoadFailed: fd53d4d33a08ae5f38d6a25e46e7a685
    shareDeleteFailed: 7b8100f4bd1ef8089398e57ca1a79a80
    sharedOn: 820371ba584c95247d0091fd8e1f676c
    deleteShareConfirmDescription: a1025903f20cb0b0ba8326d515e8346c
    enterSharePassword: 3c478987b9a5744bf87c50106b5244ce
    sharePasswordDescription: 4b8ad87b71503c2eae4c48004f8cad77
    decrypt: 4c33f2a81cf0d0fc8a559c433690cb54
    decrypting: e3c21b36b6ca06047912cdbe5b2610b9
    decrypted: db1e331de579fe721602f65a8c08369b
    decryptFailed: ca3c4733c7f2f3059da190302b58520d
    invalidPassword: 096c27988af5320f2ee229f70781ad5b
    shareSignInRequiredTitle: d9ddc97a2e99fe11a7e2485d1d69aa1e
    shareSignInRequiredDescription: 4af429b9a716b22397b27db87682f430
    shareSignedInOnlyDescription: f93addd459cde3f2242e4abc44731302
    sharePasswordTooShortTitle: cdc58b8918f77d482c73b4ef480e8620
    sharePasswordTooShortDescription: 06a3e2cd080bd9278a7b519636e6c054
    shareFailedTitle: abcb41f004aa240de5c96be05d5097ad
    shareFailedGeneric: 3f2473ac4f71f490cb6a0ae5803ccd81
    shareSuccessTitle: 608682414ed73d88b2025ab0bcaaa168
    shareSuccessPasswordAndBurn: 194fba273474ceb8b41ff64539e7a304
    shareSuccessPasswordOnly: 4cc11c06fae5b79a9b7dca7465a78347
    shareSuccessLinkGenerated: 8fee8b4a9e7a436918698b8019327d03
    shareLinkCopiedTitle: 8319681b4dab3d55ab704eedf90e2695
    shareLinkCopiedDescription: efa32d8c744af95f4b1d41f0e150cdbc
    shareDeletePartialFailedDescription: e71234f4f2b445a03976aeca1c2d2444
    shareCleanupErrorDescription: 04cdfa2682ad3560c6e6c7d142d96c04
    shareIdentityDescription: 7c16b55402c5b6876c726b783f597626
    shareEnablePasswordProtection: 42b5f2c7bd454b61a2d503291c1521ba
    sharePasswordLabel: 62995cb1a4b4e33afcace93712db2ece
    sharePasswordPlaceholder: fd47ee618be3f73d452f5c3ec252d92b
    sharePasswordHelp: 32d7772696ddad6281cdc91bbb830bb2
    shareBurnAfterRead: d55e5cf579eafd215a09dedb79e7fc06
    shareBurnAfterReadHelp: 0393acbdfbaf089533b9aba94b427b66
    shareSharing: 46a7568d11b8875015ac8759f9646eea
    shareLinkHelp: 489d36aba00ef7ea9e6da559ed745090
    shareQrGenerateFailed: 07915098842a3f2697e894f3ce741ceb
    done: ffd408fa29d5bc9039ef8ea1b9b699bb
    protected: 067c7ca17ed93380a2a515f4ddd91583
